
Microsoft Visual Studio Solution File, Format Version 12.00
# Visual Studio Version 16
VisualStudioVersion = 16.0.31410.357
MinimumVisualStudioVersion = 10.0.40219.1
Project("{FAE04EC0-301F-11D3-BF4B-00C04F79EFBC}") = "CUR_CSHARP", "CUR_CSHARP\CUR_CSHARP.csproj", "{0BAA7B48-8329-47F0-8C4D-60CA4BDE0081}"
EndProject
Global
	GlobalSection(SolutionConfigurationPlatforms) = preSolution
		Debug|Any CPU = Debug|Any CPU
		Release|Any CPU = Release|Any CPU
	EndGlobalSection
	GlobalSection(ProjectConfigurationPlatforms) = postSolution
		{0BAA7B48-8329-47F0-8C4D-60CA4BDE0081}.Debug|Any CPU.ActiveCfg = Debug|Any CPU
		{0BAA7B48-8329-47F0-8C4D-60CA4BDE0081}.Debug|Any CPU.Build.0 = Debug|Any CPU
		{0BAA7B48-8329-47F0-8C4D-60CA4BDE0081}.Release|Any CPU.ActiveCfg = Release|Any CPU
		{0BAA7B48-8329-47F0-8C4D-60CA4BDE0081}.Release|Any CPU.Build.0 = Release|Any CPU
	EndGlobalSection
	GlobalSection(SolutionProperties) = preSolution
		HideSolutionNode = FALSE
	EndGlobalSection
	GlobalSection(ExtensibilityGlobals) = postSolution
		SolutionGuid = {1F183EB9-B3DA-400E-AE51-62A525DB1BE0}
	EndGlobalSection
EndGlobal
